
Microsoft Visual Studio Solution File, Format Version 11.00
# Visual Studio 2010
Project("{FAE04EC0-301F-11D3-BF4B-00C04F79EFBC}") = "Gep13.WindowsMobile.VbfViewer.Client", "Gep13.WindowsMobile.VbfViewer.Client\Gep13.WindowsMobile.VbfViewer.Client.csproj", "{455AF9B9-8DA8-43BC-B1A5-EB07825CBD48}"
EndProject
Project("{FAE04EC0-301F-11D3-BF4B-00C04F79EFBC}") = "Gep13.WindowsMobile.VbfViewer.Core", "Gep13.WindowsMobile.VbfViewer.Core\Gep13.WindowsMobile.VbfViewer.Core.csproj", "{E9780E55-E34C-49B7-8A01-B5E9D7E148B1}"
EndProject
Project("{2150E333-8FDC-42A3-9474-1A3956D46DE8}") = ".nuget", ".nuget", "{2D830FF9-0030-4AD0-8C4B-011F5F2AA336}"
	ProjectSection(SolutionItems) = preProject
		.nuget\NuGet.exe = .nuget\NuGet.exe
		.nuget\NuGet.targets = .nuget\NuGet.targets
	EndProjectSection
EndProject
Global
	GlobalSection(SolutionConfigurationPlatforms) = preSolution
		Debug|Any CPU = Debug|Any CPU
		Release|Any CPU = Release|Any CPU
	EndGlobalSection
	GlobalSection(ProjectConfigurationPlatforms) = postSolution
		{455AF9B9-8DA8-43BC-B1A5-EB07825CBD48}.Debug|Any CPU.ActiveCfg = Debug|Any CPU
		{455AF9B9-8DA8-43BC-B1A5-EB07825CBD48}.Debug|Any CPU.Build.0 = Debug|Any CPU
		{455AF9B9-8DA8-43BC-B1A5-EB07825CBD48}.Debug|Any CPU.Deploy.0 = Debug|Any CPU
		{455AF9B9-8DA8-43BC-B1A5-EB07825CBD48}.Release|Any CPU.ActiveCfg = Release|Any CPU
		{455AF9B9-8DA8-43BC-B1A5-EB07825CBD48}.Release|Any CPU.Build.0 = Release|Any CPU
		{455AF9B9-8DA8-43BC-B1A5-EB07825CBD48}.Release|Any CPU.Deploy.0 = Release|Any CPU
		{E9780E55-E34C-49B7-8A01-B5E9D7E148B1}.Debug|Any CPU.ActiveCfg = Debug|Any CPU
		{E9780E55-E34C-49B7-8A01-B5E9D7E148B1}.Debug|Any CPU.Build.0 = Debug|Any CPU
		{E9780E55-E34C-49B7-8A01-B5E9D7E148B1}.Release|Any CPU.ActiveCfg = Release|Any CPU
		{E9780E55-E34C-49B7-8A01-B5E9D7E148B1}.Release|Any CPU.Build.0 = Release|Any CPU
	EndGlobalSection
	GlobalSection(SolutionProperties) = preSolution
		HideSolutionNode = FALSE
	EndGlobalSection
EndGlobal
